{
  "name": "evm2wasm",
  "version": "0.0.0",
  "dependencies": {
    "abstract-leveldown": {
      "version": "2.6.3",
      "from": "abstract-leveldown@>=2.6.0 <2.7.0",
      "resolved": "https://registry.npmjs.org/abstract-leveldown/-/abstract-leveldown-2.6.3.tgz",
      "dependencies": {
        "xtend": {
          "version": "4.0.1",
          "from": "xtend@>=4.0.0 <4.1.0",
          "resolved": "https://registry.npmjs.org/xtend/-/xtend-4.0.1.tgz"
        }
      }
    },
    "acorn": {
      "version": "5.5.3",
      "from": "acorn@>=5.5.0 <6.0.0",
      "resolved": "https://registry.npmjs.org/acorn/-/acorn-5.5.3.tgz"
    },
    "acorn-jsx": {
      "version": "3.0.1",
      "from": "acorn-jsx@>=3.0.0 <4.0.0",
      "resolved": "https://registry.npmjs.org/acorn-jsx/-/acorn-jsx-3.0.1.tgz",
      "dependencies": {
        "acorn": {
          "version": "3.3.0",
          "from": "acorn@>=3.0.4 <4.0.0",
          "resolved": "https://registry.npmjs.org/acorn/-/acorn-3.3.0.tgz"
        }
      }
    },
    "ajv": {
      "version": "5.5.2",
      "from": "ajv@>=5.3.0 <6.0.0",
      "resolved": "https://registry.npmjs.org/ajv/-/ajv-5.5.2.tgz"
    },
    "ajv-keywords": {
      "version": "2.1.1",
      "from": "ajv-keywords@>=2.1.0 <3.0.0",
      "resolved": "https://registry.npmjs.org/ajv-keywords/-/ajv-keywords-2.1.1.tgz"
    },
    "ansi-escapes": {
      "version": "3.1.0",
      "from": "ansi-escapes@>=3.0.0 <4.0.0",
      "resolved": "https://registry.npmjs.org/ansi-escapes/-/ansi-escapes-3.1.0.tgz"
    },
    "ansi-regex": {
      "version": "2.1.1",
      "from": "ansi-regex@>=2.0.0 <3.0.0",
      "resolved": "https://registry.npmjs.org/ansi-regex/-/ansi-regex-2.1.1.tgz"
    },
    "ansi-styles": {
      "version": "2.2.1",
      "from": "ansi-styles@>=2.2.1 <3.0.0",
      "resolved": "https://registry.npmjs.org/ansi-styles/-/ansi-styles-2.2.1.tgz"
    },
    "argparse": {
      "version": "1.0.10",
      "from": "argparse@>=1.0.7 <2.0.0",
      "resolved": "https://registry.npmjs.org/argparse/-/argparse-1.0.10.tgz"
    },
    "array-union": {
      "version": "1.0.2",
      "from": "array-union@>=1.0.1 <2.0.0",
      "resolved": "https://registry.npmjs.org/array-union/-/array-union-1.0.2.tgz"
    },
    "array-uniq": {
      "version": "1.0.3",
      "from": "array-uniq@>=1.0.1 <2.0.0",
      "resolved": "https://registry.npmjs.org/array-uniq/-/array-uniq-1.0.3.tgz"
    },
    "arrify": {
      "version": "1.0.1",
      "from": "arrify@>=1.0.0 <2.0.0",
      "resolved": "https://registry.npmjs.org/arrify/-/arrify-1.0.1.tgz"
    },
    "asn1.js": {
      "version": "4.10.1",
      "from": "asn1.js@>=4.0.0 <5.0.0",
      "resolved": "https://registry.npmjs.org/asn1.js/-/asn1.js-4.10.1.tgz"
    },
    "async": {
      "version": "2.6.0",
      "from": "async@>=2.0.1 <3.0.0",
      "resolved": "https://registry.npmjs.org/async/-/async-2.6.0.tgz"
    },
    "babel-code-frame": {
      "version": "6.26.0",
      "from": "babel-code-frame@>=6.22.0 <7.0.0",
      "resolved": "https://registry.npmjs.org/babel-code-frame/-/babel-code-frame-6.26.0.tgz",
      "dependencies": {
        "chalk": {
          "version": "1.1.3",
          "from": "chalk@>=1.1.3 <2.0.0",
          "resolved": "https://registry.npmjs.org/chalk/-/chalk-1.1.3.tgz"
        },
        "strip-ansi": {
          "version": "3.0.1",
          "from": "strip-ansi@>=3.0.0 <4.0.0",
          "resolved": "https://registry.npmjs.org/strip-ansi/-/strip-ansi-3.0.1.tgz"
        }
      }
    },
    "babel-runtime": {
      "version": "6.26.0",
      "from": "babel-runtime@>=6.6.1 <7.0.0",
      "resolved": "https://registry.npmjs.org/babel-runtime/-/babel-runtime-6.26.0.tgz"
    },
    "balanced-match": {
      "version": "1.0.0",
      "from": "balanced-match@>=1.0.0 <2.0.0",
      "resolved": "https://registry.npmjs.org/balanced-match/-/balanced-match-1.0.0.tgz"
    },
    "base-x": {
      "version": "1.1.0",
      "from": "base-x@>=1.1.0 <2.0.0",
      "resolved": "https://registry.npmjs.org/base-x/-/base-x-1.1.0.tgz"
    },
    "bignumber.js": {
      "version": "2.4.0",
      "from": "bignumber.js@>=2.4.0 <2.5.0",
      "resolved": "https://registry.npmjs.org/bignumber.js/-/bignumber.js-2.4.0.tgz"
    },
    "bindings": {
      "version": "1.3.0",
      "from": "bindings@>=1.2.1 <2.0.0",
      "resolved": "https://registry.npmjs.org/bindings/-/bindings-1.3.0.tgz"
    },
    "bip66": {
      "version": "1.1.5",
      "from": "bip66@>=1.1.3 <2.0.0",
      "resolved": "https://registry.npmjs.org/bip66/-/bip66-1.1.5.tgz"
    },
    "bn.js": {
      "version": "4.11.8",
      "from": "bn.js@>=4.11.0 <5.0.0",
      "resolved": "https://registry.npmjs.org/bn.js/-/bn.js-4.11.8.tgz"
    },
    "brace-expansion": {
      "version": "1.1.11",
      "from": "brace-expansion@>=1.1.7 <2.0.0",
      "resolved": "https://registry.npmjs.org/brace-expansion/-/brace-expansion-1.1.11.tgz"
    },
    "brorand": {
      "version": "1.1.0",
      "from": "brorand@>=1.0.1 <2.0.0",
      "resolved": "https://registry.npmjs.org/brorand/-/brorand-1.1.0.tgz"
    },
    "browserify-aes": {
      "version": "1.1.1",
      "from": "browserify-aes@>=1.0.6 <2.0.0",
      "resolved": "https://registry.npmjs.org/browserify-aes/-/browserify-aes-1.1.1.tgz"
    },
    "browserify-cipher": {
      "version": "1.0.0",
      "from": "browserify-cipher@>=1.0.0 <2.0.0",
      "resolved": "https://registry.npmjs.org/browserify-cipher/-/browserify-cipher-1.0.0.tgz"
    },
    "browserify-des": {
      "version": "1.0.0",
      "from": "browserify-des@>=1.0.0 <2.0.0",
      "resolved": "https://registry.npmjs.org/browserify-des/-/browserify-des-1.0.0.tgz"
    },
    "browserify-rsa": {
      "version": "4.0.1",
      "from": "browserify-rsa@>=4.0.0 <5.0.0",
      "resolved": "https://registry.npmjs.org/browserify-rsa/-/browserify-rsa-4.0.1.tgz"
    },
    "browserify-sign": {
      "version": "4.0.4",
      "from": "browserify-sign@>=4.0.0 <5.0.0",
      "resolved": "https://registry.npmjs.org/browserify-sign/-/browserify-sign-4.0.4.tgz"
    },
    "bs58": {
      "version": "3.1.0",
      "from": "bs58@>=3.0.0 <4.0.0",
      "resolved": "https://registry.npmjs.org/bs58/-/bs58-3.1.0.tgz"
    },
    "buffer-from": {
      "version": "1.0.0",
      "from": "buffer-from@>=1.0.0 <2.0.0",
      "resolved": "https://registry.npmjs.org/buffer-from/-/buffer-from-1.0.0.tgz"
    },
    "buffer-xor": {
      "version": "1.0.3",
      "from": "buffer-xor@>=1.0.3 <2.0.0",
      "resolved": "https://registry.npmjs.org/buffer-xor/-/buffer-xor-1.0.3.tgz"
    },
    "caller-path": {
      "version": "0.1.0",
      "from": "caller-path@>=0.1.0 <0.2.0",
      "resolved": "https://registry.npmjs.org/caller-path/-/caller-path-0.1.0.tgz"
    },
    "callsites": {
      "version": "0.2.0",
      "from": "callsites@>=0.2.0 <0.3.0",
      "resolved": "https://registry.npmjs.org/callsites/-/callsites-0.2.0.tgz"
    },
    "cbor": {
      "version": "1.0.6",
      "from": "cbor@>=1.0.4 <2.0.0",
      "resolved": "https://registry.npmjs.org/cbor/-/cbor-1.0.6.tgz",
      "dependencies": {
        "nofilter": {
          "version": "0.0.3",
          "from": "nofilter@>=0.0.3 <0.0.4",
          "resolved": "https://registry.npmjs.org/nofilter/-/nofilter-0.0.3.tgz"
        }
      }
    },
    "chalk": {
      "version": "2.3.2",
      "from": "chalk@>=2.1.0 <3.0.0",
      "resolved": "https://registry.npmjs.org/chalk/-/chalk-2.3.2.tgz",
      "dependencies": {
        "ansi-styles": {
          "version": "3.2.1",
          "from": "ansi-styles@>=3.2.1 <4.0.0",
          "resolved": "https://registry.npmjs.org/ansi-styles/-/ansi-styles-3.2.1.tgz"
        },
        "supports-color": {
          "version": "5.3.0",
          "from": "supports-color@>=5.3.0 <6.0.0",
          "resolved": "https://registry.npmjs.org/supports-color/-/supports-color-5.3.0.tgz"
        }
      }
    },
    "chardet": {
      "version": "0.4.2",
      "from": "chardet@>=0.4.0 <0.5.0",
      "resolved": "https://registry.npmjs.org/chardet/-/chardet-0.4.2.tgz"
    },
    "cipher-base": {
      "version": "1.0.4",
      "from": "cipher-base@>=1.0.1 <2.0.0",
      "resolved": "https://registry.npmjs.org/cipher-base/-/cipher-base-1.0.4.tgz"
    },
    "circular-json": {
      "version": "0.3.3",
      "from": "circular-json@>=0.3.1 <0.4.0",
      "resolved": "https://registry.npmjs.org/circular-json/-/circular-json-0.3.3.tgz"
    },
    "cli-cursor": {
      "version": "2.1.0",
      "from": "cli-cursor@>=2.1.0 <3.0.0",
      "resolved": "https://registry.npmjs.org/cli-cursor/-/cli-cursor-2.1.0.tgz"
    },
    "cli-width": {
      "version": "2.2.0",
      "from": "cli-width@>=2.0.0 <3.0.0",
      "resolved": "https://registry.npmjs.org/cli-width/-/cli-width-2.2.0.tgz"
    },
    "co": {
      "version": "4.6.0",
      "from": "co@>=4.6.0 <5.0.0",
      "resolved": "https://registry.npmjs.org/co/-/co-4.6.0.tgz"
    },
    "color-convert": {
      "version": "1.9.1",
      "from": "color-convert@>=1.9.0 <2.0.0",
      "resolved": "https://registry.npmjs.org/color-convert/-/color-convert-1.9.1.tgz"
    },
    "color-name": {
      "version": "1.1.3",
      "from": "color-name@>=1.1.1 <2.0.0",
      "resolved": "https://registry.npmjs.org/color-name/-/color-name-1.1.3.tgz"
    },
    "commander": {
      "version": "2.15.1",
      "from": "commander@>=2.9.0 <3.0.0",
      "resolved": "https://registry.npmjs.org/commander/-/commander-2.15.1.tgz"
    },
    "concat-map": {
      "version": "0.0.1",
      "from": "concat-map@0.0.1",
      "resolved": "https://registry.npmjs.org/concat-map/-/concat-map-0.0.1.tgz"
    },
    "concat-stream": {
      "version": "1.6.2",
      "from": "concat-stream@>=1.6.0 <2.0.0",
      "resolved": "https://registry.npmjs.org/concat-stream/-/concat-stream-1.6.2.tgz"
    },
    "core-js": {
      "version": "2.5.4",
      "from": "core-js@>=2.4.0 <3.0.0",
      "resolved": "https://registry.npmjs.org/core-js/-/core-js-2.5.4.tgz"
    },
    "core-util-is": {
      "version": "1.0.2",
      "from": "core-util-is@>=1.0.0 <1.1.0",
      "resolved": "https://registry.npmjs.org/core-util-is/-/core-util-is-1.0.2.tgz"
    },
    "create-ecdh": {
      "version": "4.0.0",
      "from": "create-ecdh@>=4.0.0 <5.0.0",
      "resolved": "https://registry.npmjs.org/create-ecdh/-/create-ecdh-4.0.0.tgz"
    },
    "create-hash": {
      "version": "1.1.3",
      "from": "create-hash@>=1.1.2 <2.0.0",
      "resolved": "https://registry.npmjs.org/create-hash/-/create-hash-1.1.3.tgz"
    },
    "create-hmac": {
      "version": "1.1.6",
      "from": "create-hmac@>=1.1.4 <2.0.0",
      "resolved": "https://registry.npmjs.org/create-hmac/-/create-hmac-1.1.6.tgz"
    },
    "cross-spawn": {
      "version": "5.1.0",
      "from": "cross-spawn@>=5.1.0 <6.0.0",
      "resolved": "https://registry.npmjs.org/cross-spawn/-/cross-spawn-5.1.0.tgz"
    },
    "crypto-browserify": {
      "version": "3.12.0",
      "from": "crypto-browserify@>=3.10.0 <4.0.0",
      "resolved": "https://registry.npmjs.org/crypto-browserify/-/crypto-browserify-3.12.0.tgz"
    },
    "debug": {
      "version": "3.1.0",
      "from": "debug@>=3.1.0 <4.0.0",
      "resolved": "https://registry.npmjs.org/debug/-/debug-3.1.0.tgz"
    },
    "deep-is": {
      "version": "0.1.3",
      "from": "deep-is@>=0.1.3 <0.2.0",
      "resolved": "https://registry.npmjs.org/deep-is/-/deep-is-0.1.3.tgz"
    },
    "deferred-leveldown": {
      "version": "1.2.2",
      "from": "deferred-leveldown@>=1.2.1 <1.3.0",
      "resolved": "https://registry.npmjs.org/deferred-leveldown/-/deferred-leveldown-1.2.2.tgz"
    },
    "del": {
      "version": "2.2.2",
      "from": "del@>=2.0.2 <3.0.0",
      "resolved": "https://registry.npmjs.org/del/-/del-2.2.2.tgz"
    },
    "delimit-stream": {
      "version": "0.1.0",
      "from": "delimit-stream@0.1.0",
      "resolved": "https://registry.npmjs.org/delimit-stream/-/delimit-stream-0.1.0.tgz"
    },
    "des.js": {
      "version": "1.0.0",
      "from": "des.js@>=1.0.0 <2.0.0",
      "resolved": "https://registry.npmjs.org/des.js/-/des.js-1.0.0.tgz"
    },
    "detect-node": {
      "version": "2.0.3",
      "from": "detect-node@>=2.0.3 <3.0.0",
      "resolved": "https://registry.npmjs.org/detect-node/-/detect-node-2.0.3.tgz"
    },
    "diffie-hellman": {
      "version": "5.0.2",
      "from": "diffie-hellman@>=5.0.0 <6.0.0",
      "resolved": "https://registry.npmjs.org/diffie-hellman/-/diffie-hellman-5.0.2.tgz"
    },
    "doctrine": {
      "version": "2.1.0",
      "from": "doctrine@>=2.1.0 <3.0.0",
      "resolved": "https://registry.npmjs.org/doctrine/-/doctrine-2.1.0.tgz"
    },
    "drbg.js": {
      "version": "1.0.1",
      "from": "drbg.js@>=1.0.1 <2.0.0",
      "resolved": "https://registry.npmjs.org/drbg.js/-/drbg.js-1.0.1.tgz"
    },
    "elliptic": {
      "version": "6.4.0",
      "from": "elliptic@>=6.2.3 <7.0.0",
      "resolved": "https://registry.npmjs.org/elliptic/-/elliptic-6.4.0.tgz"
    },
    "errno": {
      "version": "0.1.7",
      "from": "errno@>=0.1.1 <0.2.0",
      "resolved": "https://registry.npmjs.org/errno/-/errno-0.1.7.tgz"
    },
    "escape-string-regexp": {
      "version": "1.0.5",
      "from": "escape-string-regexp@>=1.0.2 <2.0.0",
      "resolved": "https://registry.npmjs.org/escape-string-regexp/-/escape-string-regexp-1.0.5.tgz"
    },
    "eslint": {
      "version": "4.19.1",
      "from": "eslint@>=4.19.1 <5.0.0",
      "resolved": "https://registry.npmjs.org/eslint/-/eslint-4.19.1.tgz"
    },
    "eslint-scope": {
      "version": "3.7.1",
      "from": "eslint-scope@>=3.7.1 <4.0.0",
      "resolved": "https://registry.npmjs.org/eslint-scope/-/eslint-scope-3.7.1.tgz"
    },
    "eslint-visitor-keys": {
      "version": "1.0.0",
      "from": "eslint-visitor-keys@>=1.0.0 <2.0.0",
      "resolved": "https://registry.npmjs.org/eslint-visitor-keys/-/eslint-visitor-keys-1.0.0.tgz"
    },
    "espree": {
      "version": "3.5.4",
      "from": "espree@>=3.5.4 <4.0.0",
      "resolved": "https://registry.npmjs.org/espree/-/espree-3.5.4.tgz"
    },
    "esprima": {
      "version": "4.0.0",
      "from": "esprima@>=4.0.0 <5.0.0",
      "resolved": "https://registry.npmjs.org/esprima/-/esprima-4.0.0.tgz"
    },
    "esquery": {
      "version": "1.0.1",
      "from": "esquery@>=1.0.0 <2.0.0",
      "resolved": "https://registry.npmjs.org/esquery/-/esquery-1.0.1.tgz"
    },
    "esrecurse": {
      "version": "4.2.1",
      "from": "esrecurse@>=4.1.0 <5.0.0",
      "resolved": "https://registry.npmjs.org/esrecurse/-/esrecurse-4.2.1.tgz"
    },
    "estraverse": {
      "version": "4.2.0",
      "from": "estraverse@>=4.1.1 <5.0.0",
      "resolved": "https://registry.npmjs.org/estraverse/-/estraverse-4.2.0.tgz"
    },
    "esutils": {
      "version": "2.0.2",
      "from": "esutils@>=2.0.2 <3.0.0",
      "resolved": "https://registry.npmjs.org/esutils/-/esutils-2.0.2.tgz"
    },
    "ethereum-common": {
      "version": "0.2.0",
      "from": "ethereum-common@0.2.0",
      "resolved": "https://registry.npmjs.org/ethereum-common/-/ethereum-common-0.2.0.tgz"
    },
    "ethereumjs-block": {
      "version": "1.7.1",
      "from": "ethereumjs-block@>=1.2.2 <2.0.0",
      "resolved": "https://registry.npmjs.org/ethereumjs-block/-/ethereumjs-block-1.7.1.tgz"
    },
    "ethereumjs-tx": {
      "version": "1.3.4",
      "from": "ethereumjs-tx@>=1.2.2 <2.0.0",
      "resolved": "https://registry.npmjs.org/ethereumjs-tx/-/ethereumjs-tx-1.3.4.tgz",
      "dependencies": {
        "ethereum-common": {
          "version": "0.0.18",
          "from": "ethereum-common@>=0.0.18 <0.0.19",
          "resolved": "https://registry.npmjs.org/ethereum-common/-/ethereum-common-0.0.18.tgz"
        }
      }
    },
    "ethereumjs-util": {
      "version": "5.1.5",
      "from": "ethereumjs-util@>=5.1.5 <6.0.0",
      "resolved": "https://registry.npmjs.org/ethereumjs-util/-/ethereumjs-util-5.1.5.tgz"
    },
    "ethjs-util": {
      "version": "0.1.4",
      "from": "ethjs-util@>=0.1.3 <0.2.0",
      "resolved": "https://registry.npmjs.org/ethjs-util/-/ethjs-util-0.1.4.tgz"
    },
    "evp_bytestokey": {
      "version": "1.0.3",
      "from": "evp_bytestokey@>=1.0.3 <2.0.0",
      "resolved": "https://registry.npmjs.org/evp_bytestokey/-/evp_bytestokey-1.0.3.tgz"
    },
    "ewasm-kernel": {
      "version": "0.0.0",
      "from": "git+https://github.com/ewasm/ewasm-kernel.git#async-pojo",
      "resolved": "git+https://github.com/ewasm/ewasm-kernel.git#a6912368fceaadbafde87f97f17cdcaead0492ba",
      "dependencies": {
        "loglevel": {
          "version": "1.5.1",
          "from": "loglevel@1.5.1",
          "resolved": "https://registry.npmjs.org/loglevel/-/loglevel-1.5.1.tgz"
        },
        "minimist": {
          "version": "1.2.0",
          "from": "minimist@>=1.2.0 <2.0.0",
          "resolved": "https://registry.npmjs.org/minimist/-/minimist-1.2.0.tgz"
        }
      }
    },
    "external-editor": {
      "version": "2.2.0",
      "from": "external-editor@>=2.0.4 <3.0.0",
      "resolved": "https://registry.npmjs.org/external-editor/-/external-editor-2.2.0.tgz"
    },
    "fast-deep-equal": {
      "version": "1.1.0",
      "from": "fast-deep-equal@>=1.0.0 <2.0.0",
      "resolved": "https://registry.npmjs.org/fast-deep-equal/-/fast-deep-equal-1.1.0.tgz"
    },
    "fast-json-stable-stringify": {
      "version": "2.0.0",
      "from": "fast-json-stable-stringify@>=2.0.0 <3.0.0",
      "resolved": "https://registry.npmjs.org/fast-json-stable-stringify/-/fast-json-stable-stringify-2.0.0.tgz"
    },
    "fast-levenshtein": {
      "version": "2.0.6",
      "from": "fast-levenshtein@>=2.0.4 <2.1.0",
      "resolved": "https://registry.npmjs.org/fast-levenshtein/-/fast-levenshtein-2.0.6.tgz"
    },
    "figures": {
      "version": "2.0.0",
      "from": "figures@>=2.0.0 <3.0.0",
      "resolved": "https://registry.npmjs.org/figures/-/figures-2.0.0.tgz"
    },
    "file-entry-cache": {
      "version": "2.0.0",
      "from": "file-entry-cache@>=2.0.0 <3.0.0",
      "resolved": "https://registry.npmjs.org/file-entry-cache/-/file-entry-cache-2.0.0.tgz"
    },
    "flat-cache": {
      "version": "1.3.0",
      "from": "flat-cache@>=1.2.1 <2.0.0",
      "resolved": "https://registry.npmjs.org/flat-cache/-/flat-cache-1.3.0.tgz"
    },
    "fs.realpath": {
      "version": "1.0.0",
      "from": "fs.realpath@>=1.0.0 <2.0.0",
      "resolved": "https://registry.npmjs.org/fs.realpath/-/fs.realpath-1.0.0.tgz"
    },
    "functional-red-black-tree": {
      "version": "1.0.1",
      "from": "functional-red-black-tree@>=1.0.1 <2.0.0",
      "resolved": "https://registry.npmjs.org/functional-red-black-tree/-/functional-red-black-tree-1.0.1.tgz"
    },
    "glob": {
      "version": "7.1.2",
      "from": "glob@>=7.1.2 <8.0.0",
      "resolved": "https://registry.npmjs.org/glob/-/glob-7.1.2.tgz"
    },
    "globals": {
      "version": "11.4.0",
      "from": "globals@>=11.0.1 <12.0.0",
      "resolved": "https://registry.npmjs.org/globals/-/globals-11.4.0.tgz"
    },
    "globby": {
      "version": "5.0.0",
      "from": "globby@>=5.0.0 <6.0.0",
      "resolved": "https://registry.npmjs.org/globby/-/globby-5.0.0.tgz"
    },
    "graceful-fs": {
      "version": "4.1.11",
      "from": "graceful-fs@>=4.1.2 <5.0.0",
      "resolved": "https://registry.npmjs.org/graceful-fs/-/graceful-fs-4.1.11.tgz"
    },
    "has-ansi": {
      "version": "2.0.0",
      "from": "has-ansi@>=2.0.0 <3.0.0",
      "resolved": "https://registry.npmjs.org/has-ansi/-/has-ansi-2.0.0.tgz"
    },
    "has-flag": {
      "version": "3.0.0",
      "from": "has-flag@>=3.0.0 <4.0.0",
      "resolved": "https://registry.npmjs.org/has-flag/-/has-flag-3.0.0.tgz"
    },
    "hash-base": {
      "version": "2.0.2",
      "from": "hash-base@>=2.0.0 <3.0.0",
      "resolved": "https://registry.npmjs.org/hash-base/-/hash-base-2.0.2.tgz"
    },
    "hash.js": {
      "version": "1.1.3",
      "from": "hash.js@>=1.0.0 <2.0.0",
      "resolved": "https://registry.npmjs.org/hash.js/-/hash.js-1.1.3.tgz"
    },
    "hmac-drbg": {
      "version": "1.0.1",
      "from": "hmac-drbg@>=1.0.0 <2.0.0",
      "resolved": "https://registry.npmjs.org/hmac-drbg/-/hmac-drbg-1.0.1.tgz"
    },
    "iconv-lite": {
      "version": "0.4.19",
      "from": "iconv-lite@>=0.4.17 <0.5.0",
      "resolved": "https://registry.npmjs.org/iconv-lite/-/iconv-lite-0.4.19.tgz"
    },
    "ignore": {
      "version": "3.3.7",
      "from": "ignore@>=3.3.3 <4.0.0",
      "resolved": "https://registry.npmjs.org/ignore/-/ignore-3.3.7.tgz"
    },
    "immediate": {
      "version": "3.2.3",
      "from": "immediate@>=3.2.3 <4.0.0",
      "resolved": "https://registry.npmjs.org/immediate/-/immediate-3.2.3.tgz"
    },
    "imperative-trie": {
      "version": "0.0.1",
      "from": "imperative-trie@>=0.0.1 <0.0.2",
      "resolved": "https://registry.npmjs.org/imperative-trie/-/imperative-trie-0.0.1.tgz"
    },
    "imurmurhash": {
      "version": "0.1.4",
      "from": "imurmurhash@>=0.1.4 <0.2.0",
      "resolved": "https://registry.npmjs.org/imurmurhash/-/imurmurhash-0.1.4.tgz"
    },
    "inflight": {
      "version": "1.0.6",
      "from": "inflight@>=1.0.4 <2.0.0",
      "resolved": "https://registry.npmjs.org/inflight/-/inflight-1.0.6.tgz"
    },
    "inherits": {
      "version": "2.0.3",
      "from": "inherits@>=2.0.3 <3.0.0",
      "resolved": "https://registry.npmjs.org/inherits/-/inherits-2.0.3.tgz"
    },
    "inquirer": {
      "version": "3.3.0",
      "from": "inquirer@>=3.0.6 <4.0.0",
      "resolved": "https://registry.npmjs.org/inquirer/-/inquirer-3.3.0.tgz"
    },
    "ip": {
      "version": "1.1.5",
      "from": "ip@>=1.1.5 <2.0.0",
      "resolved": "https://registry.npmjs.org/ip/-/ip-1.1.5.tgz"
    },
    "ipld": {
      "version": "0.6.0",
      "from": "ipld@>=0.6.0 <0.7.0",
      "resolved": "https://registry.npmjs.org/ipld/-/ipld-0.6.0.tgz"
    },
    "is-fullwidth-code-point": {
      "version": "2.0.0",
      "from": "is-fullwidth-code-point@>=2.0.0 <3.0.0",
      "resolved": "https://registry.npmjs.org/is-fullwidth-code-point/-/is-fullwidth-code-point-2.0.0.tgz"
    },
    "is-hex-prefixed": {
      "version": "1.0.0",
      "from": "is-hex-prefixed@1.0.0",
      "resolved": "https://registry.npmjs.org/is-hex-prefixed/-/is-hex-prefixed-1.0.0.tgz"
    },
    "is-path-cwd": {
      "version": "1.0.0",
      "from": "is-path-cwd@>=1.0.0 <2.0.0",
      "resolved": "https://registry.npmjs.org/is-path-cwd/-/is-path-cwd-1.0.0.tgz"
    },
    "is-path-in-cwd": {
      "version": "1.0.1",
      "from": "is-path-in-cwd@>=1.0.0 <2.0.0",
      "resolved": "https://registry.npmjs.org/is-path-in-cwd/-/is-path-in-cwd-1.0.1.tgz"
    },
    "is-path-inside": {
      "version": "1.0.1",
      "from": "is-path-inside@>=1.0.0 <2.0.0",
      "resolved": "https://registry.npmjs.org/is-path-inside/-/is-path-inside-1.0.1.tgz"
    },
    "is-promise": {
      "version": "2.1.0",
      "from": "is-promise@>=2.1.0 <3.0.0",
      "resolved": "https://registry.npmjs.org/is-promise/-/is-promise-2.1.0.tgz"
    },
    "is-resolvable": {
      "version": "1.1.0",
      "from": "is-resolvable@>=1.0.0 <2.0.0",
      "resolved": "https://registry.npmjs.org/is-resolvable/-/is-resolvable-1.1.0.tgz"
    },
    "isarray": {
      "version": "1.0.0",
      "from": "isarray@>=1.0.0 <1.1.0",
      "resolved": "https://registry.npmjs.org/isarray/-/isarray-1.0.0.tgz"
    },
    "isexe": {
      "version": "2.0.0",
      "from": "isexe@>=2.0.0 <3.0.0",
      "resolved": "https://registry.npmjs.org/isexe/-/isexe-2.0.0.tgz"
    },
    "js-tokens": {
      "version": "3.0.2",
      "from": "js-tokens@>=3.0.2 <4.0.0",
      "resolved": "https://registry.npmjs.org/js-tokens/-/js-tokens-3.0.2.tgz"
    },
    "js-yaml": {
      "version": "3.11.0",
      "from": "js-yaml@>=3.9.1 <4.0.0",
      "resolved": "https://registry.npmjs.org/js-yaml/-/js-yaml-3.11.0.tgz"
    },
    "json-schema-traverse": {
      "version": "0.3.1",
      "from": "json-schema-traverse@>=0.3.0 <0.4.0",
      "resolved": "https://registry.npmjs.org/json-schema-traverse/-/json-schema-traverse-0.3.1.tgz"
    },
    "json-stable-stringify-without-jsonify": {
      "version": "1.0.1",
      "from": "json-stable-stringify-without-jsonify@>=1.0.1 <2.0.0",
      "resolved": "https://registry.npmjs.org/json-stable-stringify-without-jsonify/-/json-stable-stringify-without-jsonify-1.0.1.tgz"
    },
    "json-text-sequence": {
      "version": "0.1.1",
      "from": "json-text-sequence@>=0.1.0 <0.2.0",
      "resolved": "https://registry.npmjs.org/json-text-sequence/-/json-text-sequence-0.1.1.tgz"
    },
    "keccak": {
      "version": "1.4.0",
      "from": "keccak@>=1.0.2 <2.0.0",
      "resolved": "https://registry.npmjs.org/keccak/-/keccak-1.4.0.tgz"
    },
    "level-codec": {
      "version": "7.0.1",
      "from": "level-codec@>=7.0.0 <7.1.0",
      "resolved": "https://registry.npmjs.org/level-codec/-/level-codec-7.0.1.tgz"
    },
    "level-errors": {
      "version": "1.0.5",
      "from": "level-errors@>=1.0.3 <1.1.0",
      "resolved": "https://registry.npmjs.org/level-errors/-/level-errors-1.0.5.tgz"
    },
    "level-iterator-stream": {
      "version": "1.3.1",
      "from": "level-iterator-stream@>=1.3.0 <1.4.0",
      "resolved": "https://registry.npmjs.org/level-iterator-stream/-/level-iterator-stream-1.3.1.tgz",
      "dependencies": {
        "isarray": {
          "version": "0.0.1",
          "from": "isarray@0.0.1",
          "resolved": "https://registry.npmjs.org/isarray/-/isarray-0.0.1.tgz"
        },
        "readable-stream": {
          "version": "1.1.14",
          "from": "readable-stream@>=1.0.33 <2.0.0",
          "resolved": "https://registry.npmjs.org/readable-stream/-/readable-stream-1.1.14.tgz"
        },
        "string_decoder": {
          "version": "0.10.31",
          "from": "string_decoder@>=0.10.0 <0.11.0",
          "resolved": "https://registry.npmjs.org/string_decoder/-/string_decoder-0.10.31.tgz"
        },
        "xtend": {
          "version": "4.0.1",
          "from": "xtend@>=4.0.0 <5.0.0",
          "resolved": "https://registry.npmjs.org/xtend/-/xtend-4.0.1.tgz"
        }
      }
    },
    "level-ws": {
      "version": "0.0.0",
      "from": "level-ws@0.0.0",
      "resolved": "https://registry.npmjs.org/level-ws/-/level-ws-0.0.0.tgz",
      "dependencies": {
        "isarray": {
          "version": "0.0.1",
          "from": "isarray@0.0.1",
          "resolved": "https://registry.npmjs.org/isarray/-/isarray-0.0.1.tgz"
        },
        "readable-stream": {
          "version": "1.0.34",
          "from": "readable-stream@>=1.0.15 <1.1.0",
          "resolved": "https://registry.npmjs.org/readable-stream/-/readable-stream-1.0.34.tgz"
        },
        "string_decoder": {
          "version": "0.10.31",
          "from": "string_decoder@>=0.10.0 <0.11.0",
          "resolved": "https://registry.npmjs.org/string_decoder/-/string_decoder-0.10.31.tgz"
        }
      }
    },
    "levelup": {
      "version": "1.3.9",
      "from": "levelup@>=1.2.1 <2.0.0",
      "resolved": "https://registry.npmjs.org/levelup/-/levelup-1.3.9.tgz",
      "dependencies": {
        "semver": {
          "version": "5.4.1",
          "from": "semver@>=5.4.1 <5.5.0",
          "resolved": "https://registry.npmjs.org/semver/-/semver-5.4.1.tgz"
        },
        "xtend": {
          "version": "4.0.1",
          "from": "xtend@>=4.0.0 <4.1.0",
          "resolved": "https://registry.npmjs.org/xtend/-/xtend-4.0.1.tgz"
        }
      }
    },
    "levn": {
      "version": "0.3.0",
      "from": "levn@>=0.3.0 <0.4.0",
      "resolved": "https://registry.npmjs.org/levn/-/levn-0.3.0.tgz"
    },
    "lodash": {
      "version": "4.17.5",
      "from": "lodash@>=4.17.4 <5.0.0",
      "resolved": "https://registry.npmjs.org/lodash/-/lodash-4.17.5.tgz"
    },
    "lodash.clonedeep": {
      "version": "4.5.0",
      "from": "lodash.clonedeep@>=4.3.2 <5.0.0",
      "resolved": "https://registry.npmjs.org/lodash.clonedeep/-/lodash.clonedeep-4.5.0.tgz"
    },
    "lodash.defaults": {
      "version": "4.2.0",
      "from": "lodash.defaults@>=4.0.1 <5.0.0",
      "resolved": "https://registry.npmjs.org/lodash.defaults/-/lodash.defaults-4.2.0.tgz"
    },
    "lodash.filter": {
      "version": "4.6.0",
      "from": "lodash.filter@>=4.6.0 <5.0.0",
      "resolved": "https://registry.npmjs.org/lodash.filter/-/lodash.filter-4.6.0.tgz"
    },
    "lodash.includes": {
      "version": "4.3.0",
      "from": "lodash.includes@>=4.1.3 <5.0.0",
      "resolved": "https://registry.npmjs.org/lodash.includes/-/lodash.includes-4.3.0.tgz"
    },
    "lodash.map": {
      "version": "4.6.0",
      "from": "lodash.map@>=4.6.0 <5.0.0",
      "resolved": "https://registry.npmjs.org/lodash.map/-/lodash.map-4.6.0.tgz"
    },
    "loglevel": {
      "version": "1.6.1",
      "from": "loglevel@>=1.6.0 <2.0.0",
      "resolved": "https://registry.npmjs.org/loglevel/-/loglevel-1.6.1.tgz"
    },
    "lru-cache": {
      "version": "4.1.2",
      "from": "lru-cache@>=4.0.1 <5.0.0",
      "resolved": "https://registry.npmjs.org/lru-cache/-/lru-cache-4.1.2.tgz"
    },
    "ltgt": {
      "version": "2.2.1",
      "from": "ltgt@>=2.2.0 <2.3.0",
      "resolved": "https://registry.npmjs.org/ltgt/-/ltgt-2.2.1.tgz"
    },
    "md5.js": {
      "version": "1.3.4",
      "from": "md5.js@>=1.3.4 <2.0.0",
      "resolved": "https://registry.npmjs.org/md5.js/-/md5.js-1.3.4.tgz",
      "dependencies": {
        "hash-base": {
          "version": "3.0.4",
          "from": "hash-base@>=3.0.0 <4.0.0",
          "resolved": "https://registry.npmjs.org/hash-base/-/hash-base-3.0.4.tgz"
        }
      }
    },
    "memdown": {
      "version": "1.4.1",
      "from": "memdown@>=1.0.0 <2.0.0",
      "resolved": "https://registry.npmjs.org/memdown/-/memdown-1.4.1.tgz",
      "dependencies": {
        "abstract-leveldown": {
          "version": "2.7.2",
          "from": "abstract-leveldown@>=2.7.1 <2.8.0",
          "resolved": "https://registry.npmjs.org/abstract-leveldown/-/abstract-leveldown-2.7.2.tgz"
        },
        "xtend": {
          "version": "4.0.1",
          "from": "xtend@>=4.0.0 <4.1.0",
          "resolved": "https://registry.npmjs.org/xtend/-/xtend-4.0.1.tgz"
        }
      }
    },
    "merkle-patricia-tree": {
      "version": "2.3.1",
      "from": "merkle-patricia-tree@>=2.1.2 <3.0.0",
      "resolved": "https://registry.npmjs.org/merkle-patricia-tree/-/merkle-patricia-tree-2.3.1.tgz",
      "dependencies": {
        "async": {
          "version": "1.5.2",
          "from": "async@>=1.4.2 <2.0.0",
          "resolved": "https://registry.npmjs.org/async/-/async-1.5.2.tgz"
        }
      }
    },
    "merkle-trie": {
      "version": "0.0.0",
      "from": "merkle-trie@0.0.0",
      "resolved": "https://registry.npmjs.org/merkle-trie/-/merkle-trie-0.0.0.tgz"
    },
    "miller-rabin": {
      "version": "4.0.1",
      "from": "miller-rabin@>=4.0.0 <5.0.0",
      "resolved": "https://registry.npmjs.org/miller-rabin/-/miller-rabin-4.0.1.tgz"
    },
    "mimic-fn": {
      "version": "1.2.0",
      "from": "mimic-fn@>=1.0.0 <2.0.0",
      "resolved": "https://registry.npmjs.org/mimic-fn/-/mimic-fn-1.2.0.tgz"
    },
    "minimalistic-assert": {
      "version": "1.0.0",
      "from": "minimalistic-assert@>=1.0.0 <2.0.0",
      "resolved": "https://registry.npmjs.org/minimalistic-assert/-/minimalistic-assert-1.0.0.tgz"
    },
    "minimalistic-crypto-utils": {
      "version": "1.0.1",
      "from": "minimalistic-crypto-utils@>=1.0.0 <2.0.0",
      "resolved": "https://registry.npmjs.org/minimalistic-crypto-utils/-/minimalistic-crypto-utils-1.0.1.tgz"
    },
    "minimatch": {
      "version": "3.0.4",
      "from": "minimatch@>=3.0.2 <4.0.0",
      "resolved": "https://registry.npmjs.org/minimatch/-/minimatch-3.0.4.tgz"
    },
    "mkdirp": {
      "version": "0.5.1",
      "from": "mkdirp@>=0.5.1 <0.6.0",
      "resolved": "https://registry.npmjs.org/mkdirp/-/mkdirp-0.5.1.tgz",
      "dependencies": {
        "minimist": {
          "version": "0.0.8",
          "from": "minimist@0.0.8",
          "resolved": "https://registry.npmjs.org/minimist/-/minimist-0.0.8.tgz"
        }
      }
    },
    "ms": {
      "version": "2.0.0",
      "from": "ms@2.0.0",
      "resolved": "https://registry.npmjs.org/ms/-/ms-2.0.0.tgz"
    },
    "multiaddr": {
      "version": "2.3.0",
      "from": "multiaddr@>=2.0.0 <3.0.0",
      "resolved": "https://registry.npmjs.org/multiaddr/-/multiaddr-2.3.0.tgz",
      "dependencies": {
        "base-x": {
          "version": "3.0.4",
          "from": "base-x@>=3.0.2 <4.0.0",
          "resolved": "https://registry.npmjs.org/base-x/-/base-x-3.0.4.tgz"
        },
        "bs58": {
          "version": "4.0.1",
          "from": "bs58@>=4.0.0 <5.0.0",
          "resolved": "https://registry.npmjs.org/bs58/-/bs58-4.0.1.tgz"
        },
        "xtend": {
          "version": "4.0.1",
          "from": "xtend@>=4.0.1 <5.0.0",
          "resolved": "https://registry.npmjs.org/xtend/-/xtend-4.0.1.tgz"
        }
      }
    },
    "multicodec": {
      "version": "0.1.9",
      "from": "multicodec@>=0.1.0 <0.2.0",
      "resolved": "https://registry.npmjs.org/multicodec/-/multicodec-0.1.9.tgz"
    },
    "multihashes": {
      "version": "0.2.2",
      "from": "multihashes@>=0.2.2 <0.3.0",
      "resolved": "https://registry.npmjs.org/multihashes/-/multihashes-0.2.2.tgz"
    },
    "multihashing": {
      "version": "0.2.3",
      "from": "multihashing@>=0.2.1 <0.3.0",
      "resolved": "https://registry.npmjs.org/multihashing/-/multihashing-0.2.3.tgz",
      "dependencies": {
        "base-x": {
          "version": "3.0.4",
          "from": "base-x@>=3.0.2 <4.0.0",
          "resolved": "https://registry.npmjs.org/base-x/-/base-x-3.0.4.tgz"
        },
        "bs58": {
          "version": "4.0.1",
          "from": "bs58@>=4.0.0 <5.0.0",
          "resolved": "https://registry.npmjs.org/bs58/-/bs58-4.0.1.tgz"
        },
        "multihashes": {
          "version": "0.3.3",
          "from": "multihashes@>=0.3.3 <0.4.0",
          "resolved": "https://registry.npmjs.org/multihashes/-/multihashes-0.3.3.tgz"
        }
      }
    },
    "mute-stream": {
      "version": "0.0.7",
      "from": "mute-stream@0.0.7",
      "resolved": "https://registry.npmjs.org/mute-stream/-/mute-stream-0.0.7.tgz"
    },
    "nan": {
      "version": "2.10.0",
      "from": "nan@>=2.2.1 <3.0.0",
      "resolved": "https://registry.npmjs.org/nan/-/nan-2.10.0.tgz"
    },
    "natural-compare": {
      "version": "1.4.0",
      "from": "natural-compare@>=1.4.0 <2.0.0",
      "resolved": "https://registry.npmjs.org/natural-compare/-/natural-compare-1.4.0.tgz"
    },
    "nofilter": {
      "version": "0.0.2",
      "from": "nofilter@0.0.2",
      "resolved": "https://registry.npmjs.org/nofilter/-/nofilter-0.0.2.tgz"
    },
    "object-assign": {
      "version": "4.1.1",
      "from": "object-assign@>=4.0.1 <5.0.0",
      "resolved": "https://registry.npmjs.org/object-assign/-/object-assign-4.1.1.tgz"
    },
    "object-keys": {
      "version": "0.4.0",
      "from": "object-keys@>=0.4.0 <0.5.0",
      "resolved": "https://registry.npmjs.org/object-keys/-/object-keys-0.4.0.tgz"
    },
    "once": {
      "version": "1.4.0",
      "from": "once@>=1.3.0 <2.0.0",
      "resolved": "https://registry.npmjs.org/once/-/once-1.4.0.tgz"
    },
    "onetime": {
      "version": "2.0.1",
      "from": "onetime@>=2.0.0 <3.0.0",
      "resolved": "https://registry.npmjs.org/onetime/-/onetime-2.0.1.tgz"
    },
    "optionator": {
      "version": "0.8.2",
      "from": "optionator@>=0.8.2 <0.9.0",
      "resolved": "https://registry.npmjs.org/optionator/-/optionator-0.8.2.tgz"
    },
    "os-tmpdir": {
      "version": "1.0.2",
      "from": "os-tmpdir@>=1.0.2 <1.1.0",
      "resolved": "https://registry.npmjs.org/os-tmpdir/-/os-tmpdir-1.0.2.tgz"
    },
    "parse-asn1": {
      "version": "5.1.0",
      "from": "parse-asn1@>=5.0.0 <6.0.0",
      "resolved": "https://registry.npmjs.org/parse-asn1/-/parse-asn1-5.1.0.tgz"
    },
    "path-is-absolute": {
      "version": "1.0.1",
      "from": "path-is-absolute@>=1.0.0 <2.0.0",
      "resolved": "https://registry.npmjs.org/path-is-absolute/-/path-is-absolute-1.0.1.tgz"
    },
    "path-is-inside": {
      "version": "1.0.2",
      "from": "path-is-inside@>=1.0.2 <2.0.0",
      "resolved": "https://registry.npmjs.org/path-is-inside/-/path-is-inside-1.0.2.tgz"
    },
    "pbkdf2": {
      "version": "3.0.14",
      "from": "pbkdf2@>=3.0.3 <4.0.0",
      "resolved": "https://registry.npmjs.org/pbkdf2/-/pbkdf2-3.0.14.tgz"
    },
    "pify": {
      "version": "2.3.0",
      "from": "pify@>=2.0.0 <3.0.0",
      "resolved": "https://registry.npmjs.org/pify/-/pify-2.3.0.tgz"
    },
    "pinkie": {
      "version": "2.0.4",
      "from": "pinkie@>=2.0.0 <3.0.0",
      "resolved": "https://registry.npmjs.org/pinkie/-/pinkie-2.0.4.tgz"
    },
    "pinkie-promise": {
      "version": "2.0.1",
      "from": "pinkie-promise@>=2.0.0 <3.0.0",
      "resolved": "https://registry.npmjs.org/pinkie-promise/-/pinkie-promise-2.0.1.tgz"
    },
    "pluralize": {
      "version": "7.0.0",
      "from": "pluralize@>=7.0.0 <8.0.0",
      "resolved": "https://registry.npmjs.org/pluralize/-/pluralize-7.0.0.tgz"
    },
    "prelude-ls": {
      "version": "1.1.2",
      "from": "prelude-ls@>=1.1.2 <1.2.0",
      "resolved": "https://registry.npmjs.org/prelude-ls/-/prelude-ls-1.1.2.tgz"
    },
    "process-nextick-args": {
      "version": "2.0.0",
      "from": "process-nextick-args@>=2.0.0 <2.1.0",
      "resolved": "https://registry.npmjs.org/process-nextick-args/-/process-nextick-args-2.0.0.tgz"
    },
    "progress": {
      "version": "2.0.0",
      "from": "progress@>=2.0.0 <3.0.0",
      "resolved": "https://registry.npmjs.org/progress/-/progress-2.0.0.tgz"
    },
    "prr": {
      "version": "1.0.1",
      "from": "prr@>=1.0.1 <1.1.0",
      "resolved": "https://registry.npmjs.org/prr/-/prr-1.0.1.tgz"
    },
    "pseudomap": {
      "version": "1.0.2",
      "from": "pseudomap@>=1.0.2 <2.0.0",
      "resolved": "https://registry.npmjs.org/pseudomap/-/pseudomap-1.0.2.tgz"
    },
    "public-encrypt": {
      "version": "4.0.0",
      "from": "public-encrypt@>=4.0.0 <5.0.0",
      "resolved": "https://registry.npmjs.org/public-encrypt/-/public-encrypt-4.0.0.tgz"
    },
    "randombytes": {
      "version": "2.0.6",
      "from": "randombytes@>=2.0.0 <3.0.0",
      "resolved": "https://registry.npmjs.org/randombytes/-/randombytes-2.0.6.tgz"
    },
    "randomfill": {
      "version": "1.0.4",
      "from": "randomfill@>=1.0.3 <2.0.0",
      "resolved": "https://registry.npmjs.org/randomfill/-/randomfill-1.0.4.tgz"
    },
    "readable-stream": {
      "version": "2.3.5",
      "from": "readable-stream@>=2.3.5 <3.0.0",
      "resolved": "https://registry.npmjs.org/readable-stream/-/readable-stream-2.3.5.tgz"
    },
    "regenerator-runtime": {
      "version": "0.11.1",
      "from": "regenerator-runtime@>=0.11.0 <0.12.0",
      "resolved": "https://registry.npmjs.org/regenerator-runtime/-/regenerator-runtime-0.11.1.tgz"
    },
    "regexpp": {
      "version": "1.1.0",
      "from": "regexpp@>=1.0.1 <2.0.0",
      "resolved": "https://registry.npmjs.org/regexpp/-/regexpp-1.1.0.tgz"
    },
    "require-uncached": {
      "version": "1.0.3",
      "from": "require-uncached@>=1.0.3 <2.0.0",
      "resolved": "https://registry.npmjs.org/require-uncached/-/require-uncached-1.0.3.tgz"
    },
    "resolve-from": {
      "version": "1.0.1",
      "from": "resolve-from@>=1.0.0 <2.0.0",
      "resolved": "https://registry.npmjs.org/resolve-from/-/resolve-from-1.0.1.tgz"
    },
    "restore-cursor": {
      "version": "2.0.0",
      "from": "restore-cursor@>=2.0.0 <3.0.0",
      "resolved": "https://registry.npmjs.org/restore-cursor/-/restore-cursor-2.0.0.tgz"
    },
    "rimraf": {
      "version": "2.6.2",
      "from": "rimraf@>=2.2.8 <3.0.0",
      "resolved": "https://registry.npmjs.org/rimraf/-/rimraf-2.6.2.tgz"
    },
    "ripemd160": {
      "version": "2.0.1",
      "from": "ripemd160@>=2.0.0 <3.0.0",
      "resolved": "https://registry.npmjs.org/ripemd160/-/ripemd160-2.0.1.tgz"
    },
    "rlp": {
      "version": "2.0.0",
      "from": "rlp@>=2.0.0 <3.0.0",
      "resolved": "https://registry.npmjs.org/rlp/-/rlp-2.0.0.tgz"
    },
    "run-async": {
      "version": "2.3.0",
      "from": "run-async@>=2.2.0 <3.0.0",
      "resolved": "https://registry.npmjs.org/run-async/-/run-async-2.3.0.tgz"
    },
    "rx-lite": {
      "version": "4.0.8",
      "from": "rx-lite@>=4.0.8 <5.0.0",
      "resolved": "https://registry.npmjs.org/rx-lite/-/rx-lite-4.0.8.tgz"
    },
    "rx-lite-aggregates": {
      "version": "4.0.8",
      "from": "rx-lite-aggregates@>=4.0.8 <5.0.0",
      "resolved": "https://registry.npmjs.org/rx-lite-aggregates/-/rx-lite-aggregates-4.0.8.tgz"
    },
    "safe-buffer": {
      "version": "5.1.1",
      "from": "safe-buffer@>=5.1.1 <5.2.0",
      "resolved": "https://registry.npmjs.org/safe-buffer/-/safe-buffer-5.1.1.tgz"
    },
    "secp256k1": {
      "version": "3.5.0",
      "from": "secp256k1@>=3.0.1 <4.0.0",
      "resolved": "https://registry.npmjs.org/secp256k1/-/secp256k1-3.5.0.tgz"
    },
    "semaphore": {
      "version": "1.1.0",
      "from": "semaphore@>=1.0.1",
      "resolved": "https://registry.npmjs.org/semaphore/-/semaphore-1.1.0.tgz"
    },
    "semver": {
      "version": "5.5.0",
      "from": "semver@>=5.3.0 <6.0.0",
      "resolved": "https://registry.npmjs.org/semver/-/semver-5.5.0.tgz"
    },
    "sha.js": {
      "version": "2.4.11",
      "from": "sha.js@>=2.4.0 <3.0.0",
      "resolved": "https://registry.npmjs.org/sha.js/-/sha.js-2.4.11.tgz"
    },
    "shebang-command": {
      "version": "1.2.0",
      "from": "shebang-command@>=1.2.0 <2.0.0",
      "resolved": "https://registry.npmjs.org/shebang-command/-/shebang-command-1.2.0.tgz"
    },
    "shebang-regex": {
      "version": "1.0.0",
      "from": "shebang-regex@>=1.0.0 <2.0.0",
      "resolved": "https://registry.npmjs.org/shebang-regex/-/shebang-regex-1.0.0.tgz"
    },
    "signal-exit": {
      "version": "3.0.2",
      "from": "signal-exit@>=3.0.2 <4.0.0",
      "resolved": "https://registry.npmjs.org/signal-exit/-/signal-exit-3.0.2.tgz"
    },
    "slice-ansi": {
      "version": "1.0.0",
      "from": "slice-ansi@1.0.0",
      "resolved": "https://registry.npmjs.org/slice-ansi/-/slice-ansi-1.0.0.tgz"
    },
    "sprintf-js": {
      "version": "1.0.3",
      "from": "sprintf-js@>=1.0.2 <1.1.0",
      "resolved": "https://registry.npmjs.org/sprintf-js/-/sprintf-js-1.0.3.tgz"
    },
    "string_decoder": {
      "version": "1.0.3",
      "from": "string_decoder@>=1.0.3 <1.1.0",
      "resolved": "https://registry.npmjs.org/string_decoder/-/string_decoder-1.0.3.tgz"
    },
    "string-width": {
      "version": "2.1.1",
      "from": "string-width@>=2.1.0 <3.0.0",
      "resolved": "https://registry.npmjs.org/string-width/-/string-width-2.1.1.tgz"
    },
    "strip-ansi": {
      "version": "4.0.0",
      "from": "strip-ansi@>=4.0.0 <5.0.0",
      "resolved": "https://registry.npmjs.org/strip-ansi/-/strip-ansi-4.0.0.tgz",
      "dependencies": {
        "ansi-regex": {
          "version": "3.0.0",
          "from": "ansi-regex@>=3.0.0 <4.0.0",
          "resolved": "https://registry.npmjs.org/ansi-regex/-/ansi-regex-3.0.0.tgz"
        }
      }
    },
    "strip-hex-prefix": {
      "version": "1.0.0",
      "from": "strip-hex-prefix@1.0.0",
      "resolved": "https://registry.npmjs.org/strip-hex-prefix/-/strip-hex-prefix-1.0.0.tgz"
    },
    "strip-json-comments": {
      "version": "2.0.1",
      "from": "strip-json-comments@>=2.0.1 <2.1.0",
      "resolved": "https://registry.npmjs.org/strip-json-comments/-/strip-json-comments-2.0.1.tgz"
    },
    "supports-color": {
      "version": "2.0.0",
      "from": "supports-color@>=2.0.0 <3.0.0",
      "resolved": "https://registry.npmjs.org/supports-color/-/supports-color-2.0.0.tgz"
    },
    "table": {
      "version": "4.0.2",
      "from": "table@4.0.2",
      "resolved": "https://registry.npmjs.org/table/-/table-4.0.2.tgz"
    },
    "text-table": {
      "version": "0.2.0",
      "from": "text-table@>=0.2.0 <0.3.0",
      "resolved": "https://registry.npmjs.org/text-table/-/text-table-0.2.0.tgz"
    },
    "through": {
      "version": "2.3.8",
      "from": "through@>=2.3.6 <3.0.0",
      "resolved": "https://registry.npmjs.org/through/-/through-2.3.8.tgz"
    },
    "tmp": {
      "version": "0.0.33",
      "from": "tmp@>=0.0.33 <0.0.34",
      "resolved": "https://registry.npmjs.org/tmp/-/tmp-0.0.33.tgz"
    },
    "type-check": {
      "version": "0.3.2",
      "from": "type-check@>=0.3.2 <0.4.0",
      "resolved": "https://registry.npmjs.org/type-check/-/type-check-0.3.2.tgz"
    },
    "typedarray": {
      "version": "0.0.6",
      "from": "typedarray@>=0.0.6 <0.0.7",
      "resolved": "https://registry.npmjs.org/typedarray/-/typedarray-0.0.6.tgz"
    },
    "util-deprecate": {
      "version": "1.0.2",
      "from": "util-deprecate@>=1.0.1 <1.1.0",
      "resolved": "https://registry.npmjs.org/util-deprecate/-/util-deprecate-1.0.2.tgz"
    },
    "varint": {
      "version": "5.0.0",
      "from": "varint@>=5.0.0 <6.0.0",
      "resolved": "https://registry.npmjs.org/varint/-/varint-5.0.0.tgz"
    },
    "wast2wasm": {
      "version": "0.0.1",
      "from": "git+https://github.com/ewasm/wast2wasm.git#66ced0c04f1bc7d1ebd63c3348c29e26a336bc95",
      "resolved": "git+https://github.com/ewasm/wast2wasm.git#66ced0c04f1bc7d1ebd63c3348c29e26a336bc95"
    },
    "webcrypto": {
      "version": "0.1.1",
      "from": "webcrypto@>=0.1.0 <0.2.0",
      "resolved": "https://registry.npmjs.org/webcrypto/-/webcrypto-0.1.1.tgz"
    },
    "which": {
      "version": "1.3.0",
      "from": "which@>=1.2.9 <2.0.0",
      "resolved": "https://registry.npmjs.org/which/-/which-1.3.0.tgz"
    },
    "wordwrap": {
      "version": "1.0.0",
      "from": "wordwrap@>=1.0.0 <1.1.0",
      "resolved": "https://registry.npmjs.org/wordwrap/-/wordwrap-1.0.0.tgz"
    },
    "wrappy": {
      "version": "1.0.2",
      "from": "wrappy@>=1.0.0 <2.0.0",
      "resolved": "https://registry.npmjs.org/wrappy/-/wrappy-1.0.2.tgz"
    },
    "write": {
      "version": "0.2.1",
      "from": "write@>=0.2.1 <0.3.0",
      "resolved": "https://registry.npmjs.org/write/-/write-0.2.1.tgz"
    },
    "xtend": {
      "version": "2.1.2",
      "from": "xtend@>=2.1.1 <2.2.0",
      "resolved": "https://registry.npmjs.org/xtend/-/xtend-2.1.2.tgz"
    },
    "yallist": {
      "version": "2.1.2",
      "from": "yallist@>=2.1.2 <3.0.0",
      "resolved": "https://registry.npmjs.org/yallist/-/yallist-2.1.2.tgz"
    }
  }
}
